PODS:
  - Flutter (1.0.0)
  - flutter_reader_pdf_widget (0.0.1):
    - Flutter

DEPENDENCIES:
  - Flutter (from `.symlinks/flutter/ios`)
  - flutter_reader_pdf_widget (from `.symlinks/plugins/flutter_reader_pdf_widget/ios`)

EXTERNAL SOURCES:
  Flutter:
    :path: ".symlinks/flutter/ios"
  flutter_reader_pdf_widget:
    :path: ".symlinks/plugins/flutter_reader_pdf_widget/ios"

SPEC CHECKSUMS:
  Flutter: 58dd7d1b27887414a370fcccb9e645c08ffd7a6a
  flutter_reader_pdf_widget: f3cf396c447653189fe2c6ed30f89642d41df3a9

PODFILE CHECKSUM: 5b9838223fbda9451c7ee0fdc3d7a2d4c6115c16

COCOAPODS: 1.6.1
